
Microsoft Visual Studio Solution File, Format Version 12.00
# Visual Studio Version 17
VisualStudioVersion = 17.1.32210.238
MinimumVisualStudioVersion = 10.0.40219.1
Project("{FAE04EC0-301F-11D3-BF4B-00C04F79EFBC}") = "SAMS", "SAMS.csproj", "{9431CA8E-BEBA-4B6D-8D7F-20BF120A1A14}"
EndProject
Global
	GlobalSection(SolutionConfigurationPlatforms) = preSolution
		Debug|Any CPU = Debug|Any CPU
		Release|Any CPU = Release|Any CPU
	EndGlobalSection
	GlobalSection(ProjectConfigurationPlatforms) = postSolution
		{9431CA8E-BEBA-4B6D-8D7F-20BF120A1A14}.Debug|Any CPU.ActiveCfg = Debug|Any CPU
		{9431CA8E-BEBA-4B6D-8D7F-20BF120A1A14}.Debug|Any CPU.Build.0 = Debug|Any CPU
		{9431CA8E-BEBA-4B6D-8D7F-20BF120A1A14}.Release|Any CPU.ActiveCfg = Release|Any CPU
		{9431CA8E-BEBA-4B6D-8D7F-20BF120A1A14}.Release|Any CPU.Build.0 = Release|Any CPU
	EndGlobalSection
	GlobalSection(SolutionProperties) = preSolution
		HideSolutionNode = FALSE
	EndGlobalSection
	GlobalSection(ExtensibilityGlobals) = postSolution
		SolutionGuid = {02EB121E-1E73-4692-B6D5-3622CC919128}
	EndGlobalSection
EndGlobal
